
Microsoft Visual Studio Solution File, Format Version 12.00
# Visual Studio Version 17
VisualStudioVersion = 17.8.34330.188
MinimumVisualStudioVersion = 10.0.40219.1
Project("{FAE04EC0-301F-11D3-BF4B-00C04F79EFBC}") = "Personal.Blog", "Personal.Blog\Personal.Blog.csproj", "{F034340F-85C9-42FA-B765-04DD70A228BF}"
EndProject
Global
	GlobalSection(SolutionConfigurationPlatforms) = preSolution
		Debug|Any CPU = Debug|Any CPU
		Release|Any CPU = Release|Any CPU
	EndGlobalSection
	GlobalSection(ProjectConfigurationPlatforms) = postSolution
		{F034340F-85C9-42FA-B765-04DD70A228BF}.Debug|Any CPU.ActiveCfg = Debug|Any CPU
		{F034340F-85C9-42FA-B765-04DD70A228BF}.Debug|Any CPU.Build.0 = Debug|Any CPU
		{F034340F-85C9-42FA-B765-04DD70A228BF}.Release|Any CPU.ActiveCfg = Release|Any CPU
		{F034340F-85C9-42FA-B765-04DD70A228BF}.Release|Any CPU.Build.0 = Release|Any CPU
	EndGlobalSection
	GlobalSection(SolutionProperties) = preSolution
		HideSolutionNode = FALSE
	EndGlobalSection
	GlobalSection(ExtensibilityGlobals) = postSolution
		SolutionGuid = {207BBDEE-7070-4D16-A635-DAE14D5104B3}
	EndGlobalSection
EndGlobal
